{
  "name": "reforma",
  "version": "0.1.8",
  "lockfileVersion": 1,
  "requires": true,
  "dependencies": {
    "@babel/helper-builder-react-jsx": {
      "version": "7.0.0",
      "resolved": "https://registry.npmjs.org/@babel/helper-builder-react-jsx/-/helper-builder-react-jsx-7.0.0.tgz",
      "integrity": "sha512-ebJ2JM6NAKW0fQEqN8hOLxK84RbRz9OkUhGS/Xd5u56ejMfVbayJ4+LykERZCOUM6faa6Fp3SZNX3fcT16MKHw==",
      "dev": true,
      "requires": {
        "@babel/types": "^7.0.0",
        "esutils": "^2.0.0"
      }
    },
    "@babel/helper-plugin-utils": {
      "version": "7.0.0",
      "resolved": "https://registry.npmjs.org/@babel/helper-plugin-utils/-/helper-plugin-utils-7.0.0.tgz",
      "integrity": "sha512-CYAOUCARwExnEixLdB6sDm2dIJ/YgEAKDM1MOeMeZu9Ld/bDgVo8aiWrXwcY7OBh+1Ea2uUcVRcxKk0GJvW7QA==",
      "dev": true
    },
    "@babel/plugin-syntax-jsx": {
      "version": "7.2.0",
      "resolved": "https://registry.npmjs.org/@babel/plugin-syntax-jsx/-/plugin-syntax-jsx-7.2.0.tgz",
      "integrity": "sha512-VyN4QANJkRW6lDBmENzRszvZf3/4AXaj9YR7GwrWeeN9tEBPuXbmDYVU9bYBN0D70zCWVwUy0HWq2553VCb6Hw==",
      "dev": true,
      "requires": {
        "@babel/helper-plugin-utils": "^7.0.0"
      }
    },
    "@babel/plugin-transform-react-display-name": {
      "version": "7.2.0",
      "resolved": "https://registry.npmjs.org/@babel/plugin-transform-react-display-name/-/plugin-transform-react-display-name-7.2.0.tgz",
      "integrity": "sha512-Htf/tPa5haZvRMiNSQSFifK12gtr/8vwfr+A9y69uF0QcU77AVu4K7MiHEkTxF7lQoHOL0F9ErqgfNEAKgXj7A==",
      "dev": true,
      "requires": {
        "@babel/helper-plugin-utils": "^7.0.0"
      }
    },
    "@babel/plugin-transform-react-jsx": {
      "version": "7.2.0",
      "resolved": "https://registry.npmjs.org/@babel/plugin-transform-react-jsx/-/plugin-transform-react-jsx-7.2.0.tgz",
      "integrity": "sha512-h/fZRel5wAfCqcKgq3OhbmYaReo7KkoJBpt8XnvpS7wqaNMqtw5xhxutzcm35iMUWucfAdT/nvGTsWln0JTg2Q==",
      "dev": true,
      "requires": {
        "@babel/helper-builder-react-jsx": "^7.0.0",
        "@babel/helper-plugin-utils": "^7.0.0",
        "@babel/plugin-syntax-jsx": "^7.2.0"
      }
    },
    "@babel/plugin-transform-react-jsx-self": {
      "version": "7.2.0",
      "resolved": "https://registry.npmjs.org/@babel/plugin-transform-react-jsx-self/-/plugin-transform-react-jsx-self-7.2.0.tgz",
      "integrity": "sha512-v6S5L/myicZEy+jr6ielB0OR8h+EH/1QFx/YJ7c7Ua+7lqsjj/vW6fD5FR9hB/6y7mGbfT4vAURn3xqBxsUcdg==",
      "dev": true,
      "requires": {
        "@babel/helper-plugin-utils": "^7.0.0",
        "@babel/plugin-syntax-jsx": "^7.2.0"
      }
    },
    "@babel/plugin-transform-react-jsx-source": {
      "version": "7.2.0",
      "resolved": "https://registry.npmjs.org/@babel/plugin-transform-react-jsx-source/-/plugin-transform-react-jsx-source-7.2.0.tgz",
      "integrity": "sha512-A32OkKTp4i5U6aE88GwwcuV4HAprUgHcTq0sSafLxjr6AW0QahrCRCjxogkbbcdtpbXkuTOlgpjophCxb6sh5g==",
      "dev": true,
      "requires": {
        "@babel/helper-plugin-utils": "^7.0.0",
        "@babel/plugin-syntax-jsx": "^7.2.0"
      }
    },
    "@babel/preset-react": {
      "version": "7.0.0",
      "resolved": "https://registry.npmjs.org/@babel/preset-react/-/preset-react-7.0.0.tgz",
      "integrity": "sha512-oayxyPS4Zj+hF6Et11BwuBkmpgT/zMxyuZgFrMeZID6Hdh3dGlk4sHCAhdBCpuCKW2ppBfl2uCCetlrUIJRY3w==",
      "dev": true,
      "requires": {
        "@babel/helper-plugin-utils": "^7.0.0",
        "@babel/plugin-transform-react-display-name": "^7.0.0",
        "@babel/plugin-transform-react-jsx": "^7.0.0",
        "@babel/plugin-transform-react-jsx-self": "^7.0.0",
        "@babel/plugin-transform-react-jsx-source": "^7.0.0"
      }
    },
    "@babel/runtime": {
      "version": "7.5.5",
      "resolved": "https://registry.npmjs.org/@babel/runtime/-/runtime-7.5.5.tgz",
      "integrity": "sha512-28QvEGyQyNkB0/m2B4FU7IEZGK2NUrcMtT6BZEFALTguLk+AUT6ofsHtPk5QyjAdUkpMJ+/Em+quwz4HOt30AQ==",
      "requires": {
        "regenerator-runtime": "^0.13.2"
      },
      "dependencies": {
        "regenerator-runtime": {
          "version": "0.13.3",
          "resolved": "https://registry.npmjs.org/regenerator-runtime/-/regenerator-runtime-0.13.3.tgz",
          "integrity": "sha512-naKIZz2GQ8JWh///G7L3X6LaQUAMp2lvb1rvwwsURe/VXwD6VMfr+/1NuNw3ag8v2kY1aQ/go5SNn79O9JU7yw=="
        }
      }
    },
    "@babel/types": {
      "version": "7.2.2",
      "resolved": "https://registry.npmjs.org/@babel/types/-/types-7.2.2.tgz",
      "integrity": "sha512-fKCuD6UFUMkR541eDWL+2ih/xFZBXPOg/7EQFeTluMDebfqR4jrpaCjLhkWlQS4hT6nRa2PMEgXKbRB5/H2fpg==",
      "dev": true,
      "requires": {
        "esutils": "^2.0.2",
        "lodash": "^4.17.10",
        "to-fast-properties": "^2.0.0"
      },
      "dependencies": {
        "to-fast-properties": {
          "version": "2.0.0",
          "resolved": "https://registry.npmjs.org/to-fast-properties/-/to-fast-properties-2.0.0.tgz",
          "integrity": "sha1-3F5pjL0HkmW8c+A3doGk5Og/YW4=",
          "dev": true
        }
      }
    },
    "@material-ui/core": {
      "version": "3.9.3",
      "resolved": "https://registry.npmjs.org/@material-ui/core/-/core-3.9.3.tgz",
      "integrity": "sha512-REIj62+zEvTgI/C//YL4fZxrCVIySygmpZglsu/Nl5jPqy3CDjZv1F9ubBYorHqmRgeVPh64EghMMWqk4egmfg==",
      "requires": {
        "@babel/runtime": "^7.2.0",
        "@material-ui/system": "^3.0.0-alpha.0",
        "@material-ui/utils": "^3.0.0-alpha.2",
        "@types/jss": "^9.5.6",
        "@types/react-transition-group": "^2.0.8",
        "brcast": "^3.0.1",
        "classnames": "^2.2.5",
        "csstype": "^2.5.2",
        "debounce": "^1.1.0",
        "deepmerge": "^3.0.0",
        "dom-helpers": "^3.2.1",
        "hoist-non-react-statics": "^3.2.1",
        "is-plain-object": "^2.0.4",
        "jss": "^9.8.7",
        "jss-camel-case": "^6.0.0",
        "jss-default-unit": "^8.0.2",
        "jss-global": "^3.0.0",
        "jss-nested": "^6.0.1",
        "jss-props-sort": "^6.0.0",
        "jss-vendor-prefixer": "^7.0.0",
        "normalize-scroll-left": "^0.1.2",
        "popper.js": "^1.14.1",
        "prop-types": "^15.6.0",
        "react-event-listener": "^0.6.2",
        "react-transition-group": "^2.2.1",
        "recompose": "0.28.0 - 0.30.0",
        "warning": "^4.0.1"
      }
    },
    "@material-ui/icons": {
      "version": "3.0.2",
      "resolved": "https://registry.npmjs.org/@material-ui/icons/-/icons-3.0.2.tgz",
      "integrity": "sha512-QY/3gJnObZQ3O/e6WjH+0ah2M3MOgLOzCy8HTUoUx9B6dDrS18vP7Ycw3qrDEKlB6q1KNxy6CZHm5FCauWGy2g==",
      "requires": {
        "@babel/runtime": "^7.2.0",
        "recompose": "0.28.0 - 0.30.0"
      }
    },
    "@material-ui/system": {
      "version": "3.0.0-alpha.2",
      "resolved": "https://registry.npmjs.org/@material-ui/system/-/system-3.0.0-alpha.2.tgz",
      "integrity": "sha512-odmxQ0peKpP7RQBQ8koly06YhsPzcoVib1vByVPBH4QhwqBXuYoqlCjt02846fYspAqkrWzjxnWUD311EBbxOA==",
      "requires": {
        "@babel/runtime": "^7.2.0",
        "deepmerge": "^3.0.0",
        "prop-types": "^15.6.0",
        "warning": "^4.0.1"
      }
    },
    "@material-ui/utils": {
      "version": "3.0.0-alpha.3",
      "resolved": "https://registry.npmjs.org/@material-ui/utils/-/utils-3.0.0-alpha.3.tgz",
      "integrity": "sha512-rwMdMZptX0DivkqBuC+Jdq7BYTXwqKai5G5ejPpuEDKpWzi1Oxp+LygGw329FrKpuKeiqpcymlqJTjmy+quWng==",
      "requires": {
        "@babel/runtime": "^7.2.0",
        "prop-types": "^15.6.0",
        "react-is": "^16.6.3"
      }
    },
    "@types/jss": {
      "version": "9.5.8",
      "resolved": "https://registry.npmjs.org/@types/jss/-/jss-9.5.8.tgz",
      "integrity": "sha512-bBbHvjhm42UKki+wZpR89j73ykSXg99/bhuKuYYePtpma3ZAnmeGnl0WxXiZhPGsIfzKwCUkpPC0jlrVMBfRxA==",
      "requires": {
        "csstype": "^2.0.0",
        "indefinite-observable": "^1.0.1"
      }
    },
    "@types/prop-types": {
      "version": "15.7.1",
      "resolved": "https://registry.npmjs.org/@types/prop-types/-/prop-types-15.7.1.tgz",
      "integrity": "sha512-CFzn9idOEpHrgdw8JsoTkaDDyRWk1jrzIV8djzcgpq0y9tG4B4lFT+Nxh52DVpDXV+n4+NPNv7M1Dj5uMp6XFg=="
    },
    "@types/react": {
      "version": "16.8.23",
      "resolved": "https://registry.npmjs.org/@types/react/-/react-16.8.23.tgz",
      "integrity": "sha512-abkEOIeljniUN9qB5onp++g0EY38h7atnDHxwKUFz1r3VH1+yG1OKi2sNPTyObL40goBmfKFpdii2lEzwLX1cA==",
      "requires": {
        "@types/prop-types": "*",
        "csstype": "^2.2.0"
      }
    },
    "@types/react-transition-group": {
      "version": "2.9.2",
      "resolved": "https://registry.npmjs.org/@types/react-transition-group/-/react-transition-group-2.9.2.tgz",
      "integrity": "sha512-5Fv2DQNO+GpdPZcxp2x/OQG/H19A01WlmpjVD9cKvVFmoVLOZ9LvBgSWG6pSXIU4og5fgbvGPaCV5+VGkWAEHA==",
      "requires": {
        "@types/react": "*"
      }
    },
    "asap": {
      "version": "2.0.6",
      "resolved": "https://registry.npmjs.org/asap/-/asap-2.0.6.tgz",
      "integrity": "sha1-5QNHYR1+aQlDIIu9r+vLwvuGbUY="
    },
    "axios": {
      "version": "0.19.0",
      "resolved": "https://registry.npmjs.org/axios/-/axios-0.19.0.tgz",
      "integrity": "sha512-1uvKqKQta3KBxIz14F2v06AEHZ/dIoeKfbTRkK1E5oqjDnuEerLmYTgJB5AiQZHJcljpg1TuRzdjDR06qNk0DQ==",
      "requires": {
        "follow-redirects": "1.5.10",
        "is-buffer": "^2.0.2"
      }
    },
    "babel-core": {
      "version": "7.0.0-bridge.0",
      "resolved": "https://registry.npmjs.org/babel-core/-/babel-core-7.0.0-bridge.0.tgz",
      "integrity": "sha512-poPX9mZH/5CSanm50Q+1toVci6pv5KSRv/5TWCwtzQS5XEwn40BcCrgIeMFWP9CKKIniKXNxoIOnOq4VVlGXhg==",
      "dev": true
    },
    "bail": {
      "version": "1.0.4",
      "resolved": "https://registry.npmjs.org/bail/-/bail-1.0.4.tgz",
      "integrity": "sha512-S8vuDB4w6YpRhICUDET3guPlQpaJl7od94tpZ0Fvnyp+MKW/HyDTcRDck+29C9g+d/qQHnddRH3+94kZdrW0Ww=="
    },
    "brcast": {
      "version": "3.0.1",
      "resolved": "https://registry.npmjs.org/brcast/-/brcast-3.0.1.tgz",
      "integrity": "sha512-eI3yqf9YEqyGl9PCNTR46MGvDylGtaHjalcz6Q3fAPnP/PhpKkkve52vFdfGpwp4VUvK6LUr4TQN+2stCrEwTg=="
    },
    "change-emitter": {
      "version": "0.1.6",
      "resolved": "https://registry.npmjs.org/change-emitter/-/change-emitter-0.1.6.tgz",
      "integrity": "sha1-6LL+PX8at9aaMhma/5HqaTFAlRU="
    },
    "character-entities": {
      "version": "1.2.3",
      "resolved": "https://registry.npmjs.org/character-entities/-/character-entities-1.2.3.tgz",
      "integrity": "sha512-yB4oYSAa9yLcGyTbB4ItFwHw43QHdH129IJ5R+WvxOkWlyFnR5FAaBNnUq4mcxsTVZGh28bHoeTHMKXH1wZf3w=="
    },
    "character-entities-legacy": {
      "version": "1.1.3",
      "resolved": "https://registry.npmjs.org/character-entities-legacy/-/character-entities-legacy-1.1.3.tgz",
      "integrity": "sha512-YAxUpPoPwxYFsslbdKkhrGnXAtXoHNgYjlBM3WMXkWGTl5RsY3QmOyhwAgL8Nxm9l5LBThXGawxKPn68y6/fww=="
    },
    "character-reference-invalid": {
      "version": "1.1.3",
      "resolved": "https://registry.npmjs.org/character-reference-invalid/-/character-reference-invalid-1.1.3.tgz",
      "integrity": "sha512-VOq6PRzQBam/8Jm6XBGk2fNEnHXAdGd6go0rtd4weAGECBamHDwwCQSOT12TACIYUZegUXnV6xBXqUssijtxIg=="
    },
    "classnames": {
      "version": "2.2.6",
      "resolved": "https://registry.npmjs.org/classnames/-/classnames-2.2.6.tgz",
      "integrity": "sha512-JR/iSQOSt+LQIWwrwEzJ9uk0xfN3mTVYMwt1Ir5mUcSN6pU+V4zQFFaJsclJbPuAUQH+yfWef6tm7l1quW3C8Q=="
    },
    "collapse-white-space": {
      "version": "1.0.5",
      "resolved": "https://registry.npmjs.org/collapse-white-space/-/collapse-white-space-1.0.5.tgz",
      "integrity": "sha512-703bOOmytCYAX9cXYqoikYIx6twmFCXsnzRQheBcTG3nzKYBR4P/+wkYeH+Mvj7qUz8zZDtdyzbxfnEi/kYzRQ=="
    },
    "css-vendor": {
      "version": "0.3.8",
      "resolved": "https://registry.npmjs.org/css-vendor/-/css-vendor-0.3.8.tgz",
      "integrity": "sha1-ZCHP0wNM5mT+dnOXL9ARn8KJQfo=",
      "requires": {
        "is-in-browser": "^1.0.2"
      }
    },
    "csstype": {
      "version": "2.6.6",
      "resolved": "https://registry.npmjs.org/csstype/-/csstype-2.6.6.tgz",
      "integrity": "sha512-RpFbQGUE74iyPgvr46U9t1xoQBM8T4BL8SxrN66Le2xYAPSaDJJKeztV3awugusb3g3G9iL8StmkBBXhcbbXhg=="
    },
    "debounce": {
      "version": "1.2.0",
      "resolved": "https://registry.npmjs.org/debounce/-/debounce-1.2.0.tgz",
      "integrity": "sha512-mYtLl1xfZLi1m4RtQYlZgJUNQjl4ZxVnHzIR8nLLgi4q1YT8o/WM+MK/f8yfcc9s5Ir5zRaPZyZU6xs1Syoocg=="
    },
    "deepmerge": {
      "version": "3.3.0",
      "resolved": "https://registry.npmjs.org/deepmerge/-/deepmerge-3.3.0.tgz",
      "integrity": "sha512-GRQOafGHwMHpjPx9iCvTgpu9NojZ49q794EEL94JVEw6VaeA8XTUyBKvAkOOjBX9oJNiV6G3P+T+tihFjo2TqA=="
    },
    "dom-helpers": {
      "version": "3.4.0",
      "resolved": "https://registry.npmjs.org/dom-helpers/-/dom-helpers-3.4.0.tgz",
      "integrity": "sha512-LnuPJ+dwqKDIyotW1VzmOZ5TONUN7CwkCR5hrgawTUbkBGYdeoNLZo6nNfGkCrjtE1nXXaj7iMMpDa8/d9WoIA==",
      "requires": {
        "@babel/runtime": "^7.1.2"
      }
    },
    "dom-serializer": {
      "version": "0.1.1",
      "resolved": "https://registry.npmjs.org/dom-serializer/-/dom-serializer-0.1.1.tgz",
      "integrity": "sha512-l0IU0pPzLWSHBcieZbpOKgkIn3ts3vAh7ZuFyXNwJxJXk/c4Gwj9xaTJwIDVQCXawWD0qb3IzMGH5rglQaO0XA==",
      "requires": {
        "domelementtype": "^1.3.0",
        "entities": "^1.1.1"
      }
    },
    "domelementtype": {
      "version": "1.3.1",
      "resolved": "https://registry.npmjs.org/domelementtype/-/domelementtype-1.3.1.tgz",
      "integrity": "sha512-BSKB+TSpMpFI/HOxCNr1O8aMOTZ8hT3pM3GQ0w/mWRmkhEDSFJkkyzz4XQsBV44BChwGkrDfMyjVD0eA2aFV3w=="
    },
    "domhandler": {
      "version": "2.4.2",
      "resolved": "https://registry.npmjs.org/domhandler/-/domhandler-2.4.2.tgz",
      "integrity": "sha512-JiK04h0Ht5u/80fdLMCEmV4zkNh2BcoMFBmZ/91WtYZ8qVXSKjiw7fXMgFPnHcSZgOo3XdinHvmnDUeMf5R4wA==",
      "requires": {
        "domelementtype": "1"
      }
    },
    "domutils": {
      "version": "1.7.0",
      "resolved": "https://registry.npmjs.org/domutils/-/domutils-1.7.0.tgz",
      "integrity": "sha512-Lgd2XcJ/NjEw+7tFvfKxOzCYKZsdct5lczQ2ZaQY8Djz7pfAD3Gbp8ySJWtreII/vDlMVmxwa6pHmdxIYgttDg==",
      "requires": {
        "dom-serializer": "0",
        "domelementtype": "1"
      }
    },
    "encoding": {
      "version": "0.1.12",
      "resolved": "https://registry.npmjs.org/encoding/-/encoding-0.1.12.tgz",
      "integrity": "sha1-U4tm8+5izRq1HsMjgp0flIDHS+s=",
      "requires": {
        "iconv-lite": "~0.4.13"
      }
    },
    "entities": {
      "version": "1.1.2",
      "resolved": "https://registry.npmjs.org/entities/-/entities-1.1.2.tgz",
      "integrity": "sha512-f2LZMYl1Fzu7YSBKg+RoROelpOaNrcGmE9AZubeDfrCEia483oW4MI4VyFd5VNHIgQ/7qm1I0wUHK1eJnn2y2w=="
    },
    "escape-string-regexp": {
      "version": "1.0.5",
      "resolved": "https://registry.npmjs.org/escape-string-regexp/-/escape-string-regexp-1.0.5.tgz",
      "integrity": "sha1-G2HAViGQqN/2rjuyzwIAyhMLhtQ="
    },
    "esutils": {
      "version": "2.0.2",
      "resolved": "https://registry.npmjs.org/esutils/-/esutils-2.0.2.tgz",
      "integrity": "sha1-Cr9PHKpbyx96nYrMbepPqqBLrJs=",
      "dev": true
    },
    "extend": {
      "version": "3.0.2",
      "resolved": "https://registry.npmjs.org/extend/-/extend-3.0.2.tgz",
      "integrity": "sha512-fjquC59cD7CyW6urNXK0FBufkZcoiGG80wTuPujX590cB5Ttln20E2UB4S/WARVqhXffZl2LNgS+gQdPIIim/g=="
    },
    "fbjs": {
      "version": "0.8.17",
      "resolved": "https://registry.npmjs.org/fbjs/-/fbjs-0.8.17.tgz",
      "integrity": "sha1-xNWY6taUkRJlPWWIsBpc3Nn5D90=",
      "requires": {
        "core-js": "^1.0.0",
        "isomorphic-fetch": "^2.1.1",
        "loose-envify": "^1.0.0",
        "object-assign": "^4.1.0",
        "promise": "^7.1.1",
        "setimmediate": "^1.0.5",
        "ua-parser-js": "^0.7.18"
      },
      "dependencies": {
        "core-js": {
          "version": "1.2.7",
          "resolved": "https://registry.npmjs.org/core-js/-/core-js-1.2.7.tgz",
          "integrity": "sha1-ZSKUwUZR2yj6k70tX/KYOk8IxjY="
        }
      }
    },
    "follow-redirects": {
      "version": "1.5.10",
      "resolved": "https://registry.npmjs.org/follow-redirects/-/follow-redirects-1.5.10.tgz",
      "integrity": "sha512-0V5l4Cizzvqt5D44aTXbFZz+FtyXV1vrDN6qrelxtfYQKW0KO0W2T/hkE8xvGa/540LkZlkaUjO4ailYTFtHVQ==",
      "requires": {
        "debug": "=3.1.0"
      },
      "dependencies": {
        "debug": {
          "version": "3.1.0",
          "resolved": "https://registry.npmjs.org/debug/-/debug-3.1.0.tgz",
          "integrity": "sha512-OX8XqP7/1a9cqkxYw2yXss15f26NKWBpDXQd0/uK/KPqdQhxbPa994hnzjcE2VqQpDslf55723cKPUOGSmMY3g==",
          "requires": {
            "ms": "2.0.0"
          }
        }
      }
    },
    "hoist-non-react-statics": {
      "version": "3.3.0",
      "resolved": "https://registry.npmjs.org/hoist-non-react-statics/-/hoist-non-react-statics-3.3.0.tgz",
      "integrity": "sha512-0XsbTXxgiaCDYDIWFcwkmerZPSwywfUqYmwT4jzewKTQSWoE6FCMoUVOeBJWK3E/CrWbxRG3m5GzY4lnIwGRBA==",
      "requires": {
        "react-is": "^16.7.0"
      }
    },
    "html-to-react": {
      "version": "1.3.4",
      "resolved": "https://registry.npmjs.org/html-to-react/-/html-to-react-1.3.4.tgz",
      "integrity": "sha512-/tWDdb/8Koi/QEP5YUY1653PcDpBnnMblXRhotnTuhFDjI1Fc6Wzox5d4sw73Xk5rM2OdM5np4AYjT/US/Wj7Q==",
      "requires": {
        "domhandler": "^2.4.2",
        "escape-string-regexp": "^1.0.5",
        "htmlparser2": "^3.10.0",
        "lodash.camelcase": "^4.3.0",
        "ramda": "^0.26"
      }
    },
    "htmlparser2": {
      "version": "3.10.1",
      "resolved": "https://registry.npmjs.org/htmlparser2/-/htmlparser2-3.10.1.tgz",
      "integrity": "sha512-IgieNijUMbkDovyoKObU1DUhm1iwNYE/fuifEoEHfd1oZKZDaONBSkal7Y01shxsM49R4XaMdGez3WnF9UfiCQ==",
      "requires": {
        "domelementtype": "^1.3.1",
        "domhandler": "^2.3.0",
        "domutils": "^1.5.1",
        "entities": "^1.1.1",
        "inherits": "^2.0.1",
        "readable-stream": "^3.1.1"
      },
      "dependencies": {
        "readable-stream": {
          "version": "3.4.0",
          "resolved": "https://registry.npmjs.org/readable-stream/-/readable-stream-3.4.0.tgz",
          "integrity": "sha512-jItXPLmrSR8jmTRmRWJXCnGJsfy85mB3Wd/uINMXA65yrnFo0cPClFIUWzo2najVNSl+mx7/4W8ttlLWJe99pQ==",
          "requires": {
            "inherits": "^2.0.3",
            "string_decoder": "^1.1.1",
            "util-deprecate": "^1.0.1"
          }
        }
      }
    },
    "hyphenate-style-name": {
      "version": "1.0.3",
      "resolved": "https://registry.npmjs.org/hyphenate-style-name/-/hyphenate-style-name-1.0.3.tgz",
      "integrity": "sha512-EcuixamT82oplpoJ2XU4pDtKGWQ7b00CD9f1ug9IaQ3p1bkHMiKCZ9ut9QDI6qsa6cpUuB+A/I+zLtdNK4n2DQ=="
    },
    "iconv-lite": {
      "version": "0.4.24",
      "resolved": "https://registry.npmjs.org/iconv-lite/-/iconv-lite-0.4.24.tgz",
      "integrity": "sha512-v3MXnZAcvnywkTUEZomIActle7RXXeedOR31wwl7VlyoXO4Qi9arvSenNQWne1TcRwhCL1HwLI21bEqdpj8/rA==",
      "requires": {
        "safer-buffer": ">= 2.1.2 < 3"
      }
    },
    "indefinite-observable": {
      "version": "1.0.2",
      "resolved": "https://registry.npmjs.org/indefinite-observable/-/indefinite-observable-1.0.2.tgz",
      "integrity": "sha512-Mps0898zEduHyPhb7UCgNmfzlqNZknVmaFz5qzr0mm04YQ5FGLhAyK/dJ+NaRxGyR6juQXIxh5Ev0xx+qq0nYA==",
      "requires": {
        "symbol-observable": "1.2.0"
      }
    },
    "inherits": {
      "version": "2.0.4",
      "resolved": "https://registry.npmjs.org/inherits/-/inherits-2.0.4.tgz",
      "integrity": "sha512-k/vGaX4/Yla3WzyMCvTQOXYeIHvqOKtnqBduzTHpzpQZzAskKMhZ2K+EnBiSM9zGSoIFeMpXKxa4dYeZIQqewQ=="
    },
    "is-alphabetical": {
      "version": "1.0.3",
      "resolved": "https://registry.npmjs.org/is-alphabetical/-/is-alphabetical-1.0.3.tgz",
      "integrity": "sha512-eEMa6MKpHFzw38eKm56iNNi6GJ7lf6aLLio7Kr23sJPAECscgRtZvOBYybejWDQ2bM949Y++61PY+udzj5QMLA=="
    },
    "is-alphanumerical": {
      "version": "1.0.3",
      "resolved": "https://registry.npmjs.org/is-alphanumerical/-/is-alphanumerical-1.0.3.tgz",
      "integrity": "sha512-A1IGAPO5AW9vSh7omxIlOGwIqEvpW/TA+DksVOPM5ODuxKlZS09+TEM1E3275lJqO2oJ38vDpeAL3DCIiHE6eA==",
      "requires": {
        "is-alphabetical": "^1.0.0",
        "is-decimal": "^1.0.0"
      }
    },
    "is-buffer": {
      "version": "2.0.3",
      "resolved": "https://registry.npmjs.org/is-buffer/-/is-buffer-2.0.3.tgz",
      "integrity": "sha512-U15Q7MXTuZlrbymiz95PJpZxu8IlipAp4dtS3wOdgPXx3mqBnslrWU14kxfHB+Py/+2PVKSr37dMAgM2A4uArw=="
    },
    "is-decimal": {
      "version": "1.0.3",
      "resolved": "https://registry.npmjs.org/is-decimal/-/is-decimal-1.0.3.tgz",
      "integrity": "sha512-bvLSwoDg2q6Gf+E2LEPiklHZxxiSi3XAh4Mav65mKqTfCO1HM3uBs24TjEH8iJX3bbDdLXKJXBTmGzuTUuAEjQ=="
    },
    "is-hexadecimal": {
      "version": "1.0.3",
      "resolved": "https://registry.npmjs.org/is-hexadecimal/-/is-hexadecimal-1.0.3.tgz",
      "integrity": "sha512-zxQ9//Q3D/34poZf8fiy3m3XVpbQc7ren15iKqrTtLPwkPD/t3Scy9Imp63FujULGxuK0ZlCwoo5xNpktFgbOA=="
    },
    "is-in-browser": {
      "version": "1.1.3",
      "resolved": "https://registry.npmjs.org/is-in-browser/-/is-in-browser-1.1.3.tgz",
      "integrity": "sha1-Vv9NtoOgeMYILrldrX3GLh0E+DU="
    },
    "is-plain-obj": {
      "version": "1.1.0",
      "resolved": "https://registry.npmjs.org/is-plain-obj/-/is-plain-obj-1.1.0.tgz",
      "integrity": "sha1-caUMhCnfync8kqOQpKA7OfzVHT4="
    },
    "is-plain-object": {
      "version": "2.0.4",
      "resolved": "https://registry.npmjs.org/is-plain-object/-/is-plain-object-2.0.4.tgz",
      "integrity": "sha512-h5PpgXkWitc38BBMYawTYMWJHFZJVnBquFE57xFpjB8pJFiF6gZ+bU+WyI/yqXiFR5mdLsgYNaPe8uao6Uv9Og==",
      "requires": {
        "isobject": "^3.0.1"
      },
      "dependencies": {
        "isobject": {
          "version": "3.0.1",
          "resolved": "https://registry.npmjs.org/isobject/-/isobject-3.0.1.tgz",
          "integrity": "sha1-TkMekrEalzFjaqH5yNHMvP2reN8="
        }
      }
    },
    "is-stream": {
      "version": "1.1.0",
      "resolved": "https://registry.npmjs.org/is-stream/-/is-stream-1.1.0.tgz",
      "integrity": "sha1-EtSj3U5o4Lec6428hBc66A2RykQ="
    },
    "is-whitespace-character": {
      "version": "1.0.3",
      "resolved": "https://registry.npmjs.org/is-whitespace-character/-/is-whitespace-character-1.0.3.tgz",
      "integrity": "sha512-SNPgMLz9JzPccD3nPctcj8sZlX9DAMJSKH8bP7Z6bohCwuNgX8xbWr1eTAYXX9Vpi/aSn8Y1akL9WgM3t43YNQ=="
    },
    "is-word-character": {
      "version": "1.0.3",
      "resolved": "https://registry.npmjs.org/is-word-character/-/is-word-character-1.0.3.tgz",
      "integrity": "sha512-0wfcrFgOOOBdgRNT9H33xe6Zi6yhX/uoc4U8NBZGeQQB0ctU1dnlNTyL9JM2646bHDTpsDm1Brb3VPoCIMrd/A=="
    },
    "isomorphic-fetch": {
      "version": "2.2.1",
      "resolved": "https://registry.npmjs.org/isomorphic-fetch/-/isomorphic-fetch-2.2.1.tgz",
      "integrity": "sha1-YRrhrPFPXoH3KVB0coGf6XM1WKk=",
      "requires": {
        "node-fetch": "^1.0.1",
        "whatwg-fetch": ">=0.10.0"
      }
    },
    "js-tokens": {
      "version": "4.0.0",
      "resolved": "https://registry.npmjs.org/js-tokens/-/js-tokens-4.0.0.tgz",
      "integrity": "sha512-RdJUflcE3cUzKiMqQgsCu06FPu9UdIJO0beYbPhHN4k6apgJtifcoCtT9bcxOpYBtpD2kCM6Sbzg4CausW/PKQ=="
    },
    "jss": {
      "version": "9.8.7",
      "resolved": "https://registry.npmjs.org/jss/-/jss-9.8.7.tgz",
      "integrity": "sha512-awj3XRZYxbrmmrx9LUSj5pXSUfm12m8xzi/VKeqI1ZwWBtQ0kVPTs3vYs32t4rFw83CgFDukA8wKzOE9sMQnoQ==",
      "requires": {
        "is-in-browser": "^1.1.3",
        "symbol-observable": "^1.1.0",
        "warning": "^3.0.0"
      },
      "dependencies": {
        "warning": {
          "version": "3.0.0",
          "resolved": "https://registry.npmjs.org/warning/-/warning-3.0.0.tgz",
          "integrity": "sha1-MuU3fLVy3kqwR1O9+IIcAe1gW3w=",
          "requires": {
            "loose-envify": "^1.0.0"
          }
        }
      }
    },
    "jss-camel-case": {
      "version": "6.1.0",
      "resolved": "https://registry.npmjs.org/jss-camel-case/-/jss-camel-case-6.1.0.tgz",
      "integrity": "sha512-HPF2Q7wmNW1t79mCqSeU2vdd/vFFGpkazwvfHMOhPlMgXrJDzdj9viA2SaHk9ZbD5pfL63a8ylp4++irYbbzMQ==",
      "requires": {
        "hyphenate-style-name": "^1.0.2"
      }
    },
    "jss-default-unit": {
      "version": "8.0.2",
      "resolved": "https://registry.npmjs.org/jss-default-unit/-/jss-default-unit-8.0.2.tgz",
      "integrity": "sha512-WxNHrF/18CdoAGw2H0FqOEvJdREXVXLazn7PQYU7V6/BWkCV0GkmWsppNiExdw8dP4TU1ma1dT9zBNJ95feLmg=="
    },
    "jss-global": {
      "version": "3.0.0",
      "resolved": "https://registry.npmjs.org/jss-global/-/jss-global-3.0.0.tgz",
      "integrity": "sha512-wxYn7vL+TImyQYGAfdplg7yaxnPQ9RaXY/cIA8hawaVnmmWxDHzBK32u1y+RAvWboa3lW83ya3nVZ/C+jyjZ5Q=="
    },
    "jss-nested": {
      "version": "6.0.1",
      "resolved": "https://registry.npmjs.org/jss-nested/-/jss-nested-6.0.1.tgz",
      "integrity": "sha512-rn964TralHOZxoyEgeq3hXY8hyuCElnvQoVrQwKHVmu55VRDd6IqExAx9be5HgK0yN/+hQdgAXQl/GUrBbbSTA==",
      "requires": {
        "warning": "^3.0.0"
      },
      "dependencies": {
        "warning": {
          "version": "3.0.0",
          "resolved": "https://registry.npmjs.org/warning/-/warning-3.0.0.tgz",
          "integrity": "sha1-MuU3fLVy3kqwR1O9+IIcAe1gW3w=",
          "requires": {
            "loose-envify": "^1.0.0"
          }
        }
      }
    },
    "jss-props-sort": {
      "version": "6.0.0",
      "resolved": "https://registry.npmjs.org/jss-props-sort/-/jss-props-sort-6.0.0.tgz",
      "integrity": "sha512-E89UDcrphmI0LzmvYk25Hp4aE5ZBsXqMWlkFXS0EtPkunJkRr+WXdCNYbXbksIPnKlBenGB9OxzQY+mVc70S+g=="
    },
    "jss-vendor-prefixer": {
      "version": "7.0.0",
      "resolved": "https://registry.npmjs.org/jss-vendor-prefixer/-/jss-vendor-prefixer-7.0.0.tgz",
      "integrity": "sha512-Agd+FKmvsI0HLcYXkvy8GYOw3AAASBUpsmIRvVQheps+JWaN892uFOInTr0DRydwaD91vSSUCU4NssschvF7MA==",
      "requires": {
        "css-vendor": "^0.3.8"
      }
    },
    "lodash": {
      "version": "4.17.15",
      "resolved": "https://registry.npmjs.org/lodash/-/lodash-4.17.15.tgz",
      "integrity": "sha512-8xOcRHvCjnocdS5cpwXQXVzmmh5e5+saE2QGoeQmbKmRS6J3VQppPOIt0MnmE+4xlZoumy0GPG0D0MVIQbNA1A=="
    },
    "lodash.camelcase": {
      "version": "4.3.0",
      "resolved": "https://registry.npmjs.org/lodash.camelcase/-/lodash.camelcase-4.3.0.tgz",
      "integrity": "sha1-soqmKIorn8ZRA1x3EfZathkDMaY="
    },
    "loose-envify": {
      "version": "1.4.0",
      "resolved": "https://registry.npmjs.org/loose-envify/-/loose-envify-1.4.0.tgz",
      "integrity": "sha512-lyuxPGr/Wfhrlem2CL/UcnUc1zcqKAImBDzukY7Y5F/yQiNdko6+fRLevlw1HgMySw7f611UIY408EtxRSoK3Q==",
      "requires": {
        "js-tokens": "^3.0.0 || ^4.0.0"
      }
    },
    "markdown-escapes": {
      "version": "1.0.3",
      "resolved": "https://registry.npmjs.org/markdown-escapes/-/markdown-escapes-1.0.3.tgz",
      "integrity": "sha512-XUi5HJhhV5R74k8/0H2oCbCiYf/u4cO/rX8tnGkRvrqhsr5BRNU6Mg0yt/8UIx1iIS8220BNJsDb7XnILhLepw=="
    },
    "mdast-add-list-metadata": {
      "version": "1.0.1",
      "resolved": "https://registry.npmjs.org/mdast-add-list-metadata/-/mdast-add-list-metadata-1.0.1.tgz",
      "integrity": "sha512-fB/VP4MJ0LaRsog7hGPxgOrSL3gE/2uEdZyDuSEnKCv/8IkYHiDkIQSbChiJoHyxZZXZ9bzckyRk+vNxFzh8rA==",
      "requires": {
        "unist-util-visit-parents": "1.1.2"
      }
    },
    "moment": {
      "version": "2.24.0",
      "resolved": "https://registry.npmjs.org/moment/-/moment-2.24.0.tgz",
      "integrity": "sha512-bV7f+6l2QigeBBZSM/6yTNq4P2fNpSWj/0e7jQcy87A8e7o2nAfP/34/2ky5Vw4B9S446EtIhodAzkFCcR4dQg=="
    },
    "moxios": {
      "version": "0.4.0",
      "resolved": "https://registry.npmjs.org/moxios/-/moxios-0.4.0.tgz",
      "integrity": "sha1-/A2ixlR31yXKa5Z51YNw7QxS9Ts=",
      "dev": true
    },
    "ms": {
      "version": "2.0.0",
      "resolved": "https://registry.npmjs.org/ms/-/ms-2.0.0.tgz",
      "integrity": "sha1-VgiurfwAvmwpAd9fmGF4jeDVl8g="
    },
    "node-fetch": {
      "version": "1.7.3",
      "resolved": "https://registry.npmjs.org/node-fetch/-/node-fetch-1.7.3.tgz",
      "integrity": "sha512-NhZ4CsKx7cYm2vSrBAr2PvFOe6sWDf0UYLRqA6svUYg7+/TSfVAu49jYC4BvQ4Sms9SZgdqGBgroqfDhJdTyKQ==",
      "requires": {
        "encoding": "^0.1.11",
        "is-stream": "^1.0.1"
      }
    },
    "normalize-scroll-left": {
      "version": "0.1.2",
      "resolved": "https://registry.npmjs.org/normalize-scroll-left/-/normalize-scroll-left-0.1.2.tgz",
      "integrity": "sha512-F9YMRls0zCF6BFIE2YnXDRpHPpfd91nOIaNdDgrx5YMoPLo8Wqj+6jNXHQsYBavJeXP4ww8HCt0xQAKc5qk2Fg=="
    },
    "numeral": {
      "version": "2.0.6",
      "resolved": "https://registry.npmjs.org/numeral/-/numeral-2.0.6.tgz",
      "integrity": "sha1-StCAk21EPCVhrtnyGX7//iX05QY="
    },
    "object-assign": {
      "version": "4.1.1",
      "resolved": "https://registry.npmjs.org/object-assign/-/object-assign-4.1.1.tgz",
      "integrity": "sha1-IQmtx5ZYh8/AXLvUQsrIv7s2CGM="
    },
    "parse-entities": {
      "version": "1.2.2",
      "resolved": "https://registry.npmjs.org/parse-entities/-/parse-entities-1.2.2.tgz",
      "integrity": "sha512-NzfpbxW/NPrzZ/yYSoQxyqUZMZXIdCfE0OIN4ESsnptHJECoUk3FZktxNuzQf4tjt5UEopnxpYJbvYuxIFDdsg==",
      "requires": {
        "character-entities": "^1.0.0",
        "character-entities-legacy": "^1.0.0",
        "character-reference-invalid": "^1.0.0",
        "is-alphanumerical": "^1.0.0",
        "is-decimal": "^1.0.0",
        "is-hexadecimal": "^1.0.0"
      }
    },
    "popper.js": {
      "version": "1.15.0",
      "resolved": "https://registry.npmjs.org/popper.js/-/popper.js-1.15.0.tgz",
      "integrity": "sha512-w010cY1oCUmI+9KwwlWki+r5jxKfTFDVoadl7MSrIujHU5MJ5OR6HTDj6Xo8aoR/QsA56x8jKjA59qGH4ELtrA=="
    },
    "promise": {
      "version": "7.3.1",
      "resolved": "https://registry.npmjs.org/promise/-/promise-7.3.1.tgz",
      "integrity": "sha512-nolQXZ/4L+bP/UGlkfaIujX9BKxGwmQ9OT4mOt5yvy8iK1h3wqTEJCijzGANTCCl9nWjY41juyAn2K3Q1hLLTg==",
      "requires": {
        "asap": "~2.0.3"
      }
    },
    "prop-types": {
      "version": "15.7.2",
      "resolved": "https://registry.npmjs.org/prop-types/-/prop-types-15.7.2.tgz",
      "integrity": "sha512-8QQikdH7//R2vurIJSutZ1smHYTcLpRWEOlHnzcWHmBYrOGUysKwSsrC89BCiFj3CbrfJ/nXFdJepOVrY1GCHQ==",
      "requires": {
        "loose-envify": "^1.4.0",
        "object-assign": "^4.1.1",
        "react-is": "^16.8.1"
      }
    },
    "ramda": {
      "version": "0.26.1",
      "resolved": "https://registry.npmjs.org/ramda/-/ramda-0.26.1.tgz",
      "integrity": "sha512-hLWjpy7EnsDBb0p+Z3B7rPi3GDeRG5ZtiI33kJhTt+ORCd38AbAIjB/9zRIUoeTbE/AVX5ZkU7m6bznsvrf8eQ=="
    },
    "react": {
      "version": "16.8.6",
      "resolved": "https://registry.npmjs.org/react/-/react-16.8.6.tgz",
      "integrity": "sha512-pC0uMkhLaHm11ZSJULfOBqV4tIZkx87ZLvbbQYunNixAAvjnC+snJCg0XQXn9VIsttVsbZP/H/ewzgsd5fxKXw==",
      "requires": {
        "loose-envify": "^1.1.0",
        "object-assign": "^4.1.1",
        "prop-types": "^15.6.2",
        "scheduler": "^0.13.6"
      }
    },
    "react-dom": {
      "version": "16.8.6",
      "resolved": "https://registry.npmjs.org/react-dom/-/react-dom-16.8.6.tgz",
      "integrity": "sha512-1nL7PIq9LTL3fthPqwkvr2zY7phIPjYrT0jp4HjyEQrEROnw4dG41VVwi/wfoCneoleqrNX7iAD+pXebJZwrwA==",
      "requires": {
        "loose-envify": "^1.1.0",
        "object-assign": "^4.1.1",
        "prop-types": "^15.6.2",
        "scheduler": "^0.13.6"
      }
    },
    "react-event-listener": {
      "version": "0.6.6",
      "resolved": "https://registry.npmjs.org/react-event-listener/-/react-event-listener-0.6.6.tgz",
      "integrity": "sha512-+hCNqfy7o9wvO6UgjqFmBzARJS7qrNoda0VqzvOuioEpoEXKutiKuv92dSz6kP7rYLmyHPyYNLesi5t/aH1gfw==",
      "requires": {
        "@babel/runtime": "^7.2.0",
        "prop-types": "^15.6.0",
        "warning": "^4.0.1"
      }
    },
    "react-is": {
      "version": "16.8.6",
      "resolved": "https://registry.npmjs.org/react-is/-/react-is-16.8.6.tgz",
      "integrity": "sha512-aUk3bHfZ2bRSVFFbbeVS4i+lNPZr3/WM5jT2J5omUVV1zzcs1nAaf3l51ctA5FFvCRbhrH0bdAsRRQddFJZPtA=="
    },
    "react-lifecycles-compat": {
      "version": "3.0.4",
      "resolved": "https://registry.npmjs.org/react-lifecycles-compat/-/react-lifecycles-compat-3.0.4.tgz",
      "integrity": "sha512-fBASbA6LnOU9dOU2eW7aQ8xmYBSXUIWr+UmF9b1efZBazGNO+rcXT/icdKnYm2pTwcRylVUYwW7H1PHfLekVzA=="
    },
    "react-markdown": {
      "version": "4.1.0",
      "resolved": "https://registry.npmjs.org/react-markdown/-/react-markdown-4.1.0.tgz",
      "integrity": "sha512-EOHsEAN+aoP8UVz7vTHx6Z63GJfhrO9KItKlfsiBtVVS9tmSWtUaBTw73+2SObrWiOiE2Cs9qUBL7ORsvVhOrA==",
      "requires": {
        "html-to-react": "^1.3.4",
        "mdast-add-list-metadata": "1.0.1",
        "prop-types": "^15.7.2",
        "remark-parse": "^5.0.0",
        "unified": "^6.1.5",
        "unist-util-visit": "^1.3.0",
        "xtend": "^4.0.1"
      }
    },
    "react-transition-group": {
      "version": "2.9.0",
      "resolved": "https://registry.npmjs.org/react-transition-group/-/react-transition-group-2.9.0.tgz",
      "integrity": "sha512-+HzNTCHpeQyl4MJ/bdE0u6XRMe9+XG/+aL4mCxVN4DnPBQ0/5bfHWPDuOZUzYdMj94daZaZdCCc1Dzt9R/xSSg==",
      "requires": {
        "dom-helpers": "^3.4.0",
        "loose-envify": "^1.4.0",
        "prop-types": "^15.6.2",
        "react-lifecycles-compat": "^3.0.4"
      }
    },
    "recompose": {
      "version": "0.30.0",
      "resolved": "https://registry.npmjs.org/recompose/-/recompose-0.30.0.tgz",
      "integrity": "sha512-ZTrzzUDa9AqUIhRk4KmVFihH0rapdCSMFXjhHbNrjAWxBuUD/guYlyysMnuHjlZC/KRiOKRtB4jf96yYSkKE8w==",
      "requires": {
        "@babel/runtime": "^7.0.0",
        "change-emitter": "^0.1.2",
        "fbjs": "^0.8.1",
        "hoist-non-react-statics": "^2.3.1",
        "react-lifecycles-compat": "^3.0.2",
        "symbol-observable": "^1.0.4"
      },
      "dependencies": {
        "hoist-non-react-statics": {
          "version": "2.5.5",
          "resolved": "https://registry.npmjs.org/hoist-non-react-statics/-/hoist-non-react-statics-2.5.5.tgz",
          "integrity": "sha512-rqcy4pJo55FTTLWt+bU8ukscqHeE/e9KWvsOW2b/a3afxQZhwkQdT1rPPCJ0rYXdj4vNcasY8zHTH+jF/qStxw=="
        }
      }
    },
    "remark-parse": {
      "version": "5.0.0",
      "resolved": "https://registry.npmjs.org/remark-parse/-/remark-parse-5.0.0.tgz",
      "integrity": "sha512-b3iXszZLH1TLoyUzrATcTQUZrwNl1rE70rVdSruJFlDaJ9z5aMkhrG43Pp68OgfHndL/ADz6V69Zow8cTQu+JA==",
      "requires": {
        "collapse-white-space": "^1.0.2",
        "is-alphabetical": "^1.0.0",
        "is-decimal": "^1.0.0",
        "is-whitespace-character": "^1.0.0",
        "is-word-character": "^1.0.0",
        "markdown-escapes": "^1.0.0",
        "parse-entities": "^1.1.0",
        "repeat-string": "^1.5.4",
        "state-toggle": "^1.0.0",
        "trim": "0.0.1",
        "trim-trailing-lines": "^1.0.0",
        "unherit": "^1.0.4",
        "unist-util-remove-position": "^1.0.0",
        "vfile-location": "^2.0.0",
        "xtend": "^4.0.1"
      }
    },
    "repeat-string": {
      "version": "1.6.1",
      "resolved": "https://registry.npmjs.org/repeat-string/-/repeat-string-1.6.1.tgz",
      "integrity": "sha1-jcrkcOHIirwtYA//Sndihtp15jc="
    },
    "replace-ext": {
      "version": "1.0.0",
      "resolved": "https://registry.npmjs.org/replace-ext/-/replace-ext-1.0.0.tgz",
      "integrity": "sha1-3mMSg3P8v3w8z6TeWkgMRaZ5WOs="
    },
    "safe-buffer": {
      "version": "5.1.2",
      "resolved": "https://registry.npmjs.org/safe-buffer/-/safe-buffer-5.1.2.tgz",
      "integrity": "sha512-Gd2UZBJDkXlY7GbJxfsE8/nvKkUEU1G38c1siN6QP6a9PT9MmHB8GnpscSmMJSoF8LOIrt8ud/wPtojys4G6+g=="
    },
    "safer-buffer": {
      "version": "2.1.2",
      "resolved": "https://registry.npmjs.org/safer-buffer/-/safer-buffer-2.1.2.tgz",
      "integrity": "sha512-YZo3K82SD7Riyi0E1EQPojLz7kpepnSQI9IyPbHHg1XXXevb5dJI7tpyN2ADxGcQbHG7vcyRHk0cbwqcQriUtg=="
    },
    "scheduler": {
      "version": "0.13.6",
      "resolved": "https://registry.npmjs.org/scheduler/-/scheduler-0.13.6.tgz",
      "integrity": "sha512-IWnObHt413ucAYKsD9J1QShUKkbKLQQHdxRyw73sw4FN26iWr3DY/H34xGPe4nmL1DwXyWmSWmMrA9TfQbE/XQ==",
      "requires": {
        "loose-envify": "^1.1.0",
        "object-assign": "^4.1.1"
      }
    },
    "setimmediate": {
      "version": "1.0.5",
      "resolved": "https://registry.npmjs.org/setimmediate/-/setimmediate-1.0.5.tgz",
      "integrity": "sha1-KQy7Iy4waULX1+qbg3Mqt4VvgoU="
    },
    "state-toggle": {
      "version": "1.0.2",
      "resolved": "https://registry.npmjs.org/state-toggle/-/state-toggle-1.0.2.tgz",
      "integrity": "sha512-8LpelPGR0qQM4PnfLiplOQNJcIN1/r2Gy0xKB2zKnIW2YzPMt2sR4I/+gtPjhN7Svh9kw+zqEg2SFwpBO9iNiw=="
    },
    "string_decoder": {
      "version": "1.2.0",
      "resolved": "https://registry.npmjs.org/string_decoder/-/string_decoder-1.2.0.tgz",
      "integrity": "sha512-6YqyX6ZWEYguAxgZzHGL7SsCeGx3V2TtOTqZz1xSTSWnqsbWwbptafNyvf/ACquZUXV3DANr5BDIwNYe1mN42w==",
      "requires": {
        "safe-buffer": "~5.1.0"
      }
    },
    "symbol-observable": {
      "version": "1.2.0",
      "resolved": "https://registry.npmjs.org/symbol-observable/-/symbol-observable-1.2.0.tgz",
      "integrity": "sha512-e900nM8RRtGhlV36KGEU9k65K3mPb1WV70OdjfxlG2EAuM1noi/E/BaW/uMhL7bPEssK8QV57vN3esixjUvcXQ=="
    },
    "trim": {
      "version": "0.0.1",
      "resolved": "https://registry.npmjs.org/trim/-/trim-0.0.1.tgz",
      "integrity": "sha1-WFhUf2spB1fulczMZm+1AITEYN0="
    },
    "trim-trailing-lines": {
      "version": "1.1.2",
      "resolved": "https://registry.npmjs.org/trim-trailing-lines/-/trim-trailing-lines-1.1.2.tgz",
      "integrity": "sha512-MUjYItdrqqj2zpcHFTkMa9WAv4JHTI6gnRQGPFLrt5L9a6tRMiDnIqYl8JBvu2d2Tc3lWJKQwlGCp0K8AvCM+Q=="
    },
    "trough": {
      "version": "1.0.4",
      "resolved": "https://registry.npmjs.org/trough/-/trough-1.0.4.tgz",
      "integrity": "sha512-tdzBRDGWcI1OpPVmChbdSKhvSVurznZ8X36AYURAcl+0o2ldlCY2XPzyXNNxwJwwyIU+rIglTCG4kxtNKBQH7Q=="
    },
    "ua-parser-js": {
      "version": "0.7.20",
      "resolved": "https://registry.npmjs.org/ua-parser-js/-/ua-parser-js-0.7.20.tgz",
      "integrity": "sha512-8OaIKfzL5cpx8eCMAhhvTlft8GYF8b2eQr6JkCyVdrgjcytyOmPCXrqXFcUnhonRpLlh5yxEZVohm6mzaowUOw=="
    },
    "unherit": {
      "version": "1.1.2",
      "resolved": "https://registry.npmjs.org/unherit/-/unherit-1.1.2.tgz",
      "integrity": "sha512-W3tMnpaMG7ZY6xe/moK04U9fBhi6wEiCYHUW5Mop/wQHf12+79EQGwxYejNdhEz2mkqkBlGwm7pxmgBKMVUj0w==",
      "requires": {
        "inherits": "^2.0.1",
        "xtend": "^4.0.1"
      }
    },
    "unified": {
      "version": "6.2.0",
      "resolved": "https://registry.npmjs.org/unified/-/unified-6.2.0.tgz",
      "integrity": "sha512-1k+KPhlVtqmG99RaTbAv/usu85fcSRu3wY8X+vnsEhIxNP5VbVIDiXnLqyKIG+UMdyTg0ZX9EI6k2AfjJkHPtA==",
      "requires": {
        "bail": "^1.0.0",
        "extend": "^3.0.0",
        "is-plain-obj": "^1.1.0",
        "trough": "^1.0.0",
        "vfile": "^2.0.0",
        "x-is-string": "^0.1.0"
      }
    },
    "unist-util-is": {
      "version": "3.0.0",
      "resolved": "https://registry.npmjs.org/unist-util-is/-/unist-util-is-3.0.0.tgz",
      "integrity": "sha512-sVZZX3+kspVNmLWBPAB6r+7D9ZgAFPNWm66f7YNb420RlQSbn+n8rG8dGZSkrER7ZIXGQYNm5pqC3v3HopH24A=="
    },
    "unist-util-remove-position": {
      "version": "1.1.3",
      "resolved": "https://registry.npmjs.org/unist-util-remove-position/-/unist-util-remove-position-1.1.3.tgz",
      "integrity": "sha512-CtszTlOjP2sBGYc2zcKA/CvNdTdEs3ozbiJ63IPBxh8iZg42SCCb8m04f8z2+V1aSk5a7BxbZKEdoDjadmBkWA==",
      "requires": {
        "unist-util-visit": "^1.1.0"
      }
    },
    "unist-util-stringify-position": {
      "version": "1.1.2",
      "resolved": "https://registry.npmjs.org/unist-util-stringify-position/-/unist-util-stringify-position-1.1.2.tgz",
      "integrity": "sha512-pNCVrk64LZv1kElr0N1wPiHEUoXNVFERp+mlTg/s9R5Lwg87f9bM/3sQB99w+N9D/qnM9ar3+AKDBwo/gm/iQQ=="
    },
    "unist-util-visit": {
      "version": "1.4.1",
      "resolved": "https://registry.npmjs.org/unist-util-visit/-/unist-util-visit-1.4.1.tgz",
      "integrity": "sha512-AvGNk7Bb//EmJZyhtRUnNMEpId/AZ5Ph/KUpTI09WHQuDZHKovQ1oEv3mfmKpWKtoMzyMC4GLBm1Zy5k12fjIw==",
      "requires": {
        "unist-util-visit-parents": "^2.0.0"
      },
      "dependencies": {
        "unist-util-visit-parents": {
          "version": "2.1.2",
          "resolved": "https://registry.npmjs.org/unist-util-visit-parents/-/unist-util-visit-parents-2.1.2.tgz",
          "integrity": "sha512-DyN5vD4NE3aSeB+PXYNKxzGsfocxp6asDc2XXE3b0ekO2BaRUpBicbbUygfSvYfUz1IkmjFR1YF7dPklraMZ2g==",
          "requires": {
            "unist-util-is": "^3.0.0"
          }
        }
      }
    },
    "unist-util-visit-parents": {
      "version": "1.1.2",
      "resolved": "https://registry.npmjs.org/unist-util-visit-parents/-/unist-util-visit-parents-1.1.2.tgz",
      "integrity": "sha512-yvo+MMLjEwdc3RhhPYSximset7rwjMrdt9E41Smmvg25UQIenzrN83cRnF1JMzoMi9zZOQeYXHSDf7p+IQkW3Q=="
    },
    "url-join": {
      "version": "4.0.1",
      "resolved": "https://registry.npmjs.org/url-join/-/url-join-4.0.1.tgz",
      "integrity": "sha512-jk1+QP6ZJqyOiuEI9AEWQfju/nB2Pw466kbA0LEZljHwKeMgd9WrAEgEGxjPDD2+TNbbb37rTyhEfrCXfuKXnA=="
    },
    "util-deprecate": {
      "version": "1.0.2",
      "resolved": "https://registry.npmjs.org/util-deprecate/-/util-deprecate-1.0.2.tgz",
      "integrity": "sha1-RQ1Nyfpw3nMnYvvS1KKJgUGaDM8="
    },
    "vfile": {
      "version": "2.3.0",
      "resolved": "https://registry.npmjs.org/vfile/-/vfile-2.3.0.tgz",
      "integrity": "sha512-ASt4mBUHcTpMKD/l5Q+WJXNtshlWxOogYyGYYrg4lt/vuRjC1EFQtlAofL5VmtVNIZJzWYFJjzGWZ0Gw8pzW1w==",
      "requires": {
        "is-buffer": "^1.1.4",
        "replace-ext": "1.0.0",
        "unist-util-stringify-position": "^1.0.0",
        "vfile-message": "^1.0.0"
      },
      "dependencies": {
        "is-buffer": {
          "version": "1.1.6",
          "resolved": "https://registry.npmjs.org/is-buffer/-/is-buffer-1.1.6.tgz",
          "integrity": "sha512-NcdALwpXkTm5Zvvbk7owOUSvVvBKDgKP5/ewfXEznmQFfs4ZRmanOeKBTjRVjka3QFoN6XJ+9F3USqfHqTaU5w=="
        }
      }
    },
    "vfile-location": {
      "version": "2.0.5",
      "resolved": "https://registry.npmjs.org/vfile-location/-/vfile-location-2.0.5.tgz",
      "integrity": "sha512-Pa1ey0OzYBkLPxPZI3d9E+S4BmvfVwNAAXrrqGbwTVXWaX2p9kM1zZ+n35UtVM06shmWKH4RPRN8KI80qE3wNQ=="
    },
    "vfile-message": {
      "version": "1.1.1",
      "resolved": "https://registry.npmjs.org/vfile-message/-/vfile-message-1.1.1.tgz",
      "integrity": "sha512-1WmsopSGhWt5laNir+633LszXvZ+Z/lxveBf6yhGsqnQIhlhzooZae7zV6YVM1Sdkw68dtAW3ow0pOdPANugvA==",
      "requires": {
        "unist-util-stringify-position": "^1.1.1"
      }
    },
    "warning": {
      "version": "4.0.3",
      "resolved": "https://registry.npmjs.org/warning/-/warning-4.0.3.tgz",
      "integrity": "sha512-rpJyN222KWIvHJ/F53XSZv0Zl/accqHR8et1kpaMTD/fLCRxtV8iX8czMzY7sVZupTI3zcUTg8eycS2kNF9l6w==",
      "requires": {
        "loose-envify": "^1.0.0"
      }
    },
    "whatwg-fetch": {
      "version": "3.0.0",
      "resolved": "https://registry.npmjs.org/whatwg-fetch/-/whatwg-fetch-3.0.0.tgz",
      "integrity": "sha512-9GSJUgz1D4MfyKU7KRqwOjXCXTqWdFNvEr7eUBYchQiVc744mqK/MzXPNR2WsPkmkOa4ywfg8C2n8h+13Bey1Q=="
    },
    "x-is-string": {
      "version": "0.1.0",
      "resolved": "https://registry.npmjs.org/x-is-string/-/x-is-string-0.1.0.tgz",
      "integrity": "sha1-R0tQhlrzpJqcRlfwWs0UVFj3fYI="
    },
    "xtend": {
      "version": "4.0.2",
      "resolved": "https://registry.npmjs.org/xtend/-/xtend-4.0.2.tgz",
      "integrity": "sha512-LKYU1iAXJXUgAXn9URjiu+MWhyUXHsvfp7mcuYm9dSUKK0/CjtrUwFAxD82/mCWbtLsGjFIad0wIsod4zrTAEQ=="
    }
  }
}
